
Microsoft Visual Studio Solution File, Format Version 12.00
# Visual Studio Version 17
VisualStudioVersion = 17.0.31912.275
MinimumVisualStudioVersion = 10.0.40219.1
Project("{9A19103F-16F7-4668-BE54-9A1E7A4F7556}") = "HackerRankAlgo", "HackerRankAlgo\HackerRankAlgo.csproj", "{67B7A506-3E2C-4B5E-AF8E-2F365156BF09}"
EndProject
Project("{9A19103F-16F7-4668-BE54-9A1E7A4F7556}") = "InterviewPreparationKit", "InterviewPreparationKit\InterviewPreparationKit.csproj", "{12EAB940-0E19-4F7F-BE74-BF6B0DB0A597}"
EndProject
Global
	GlobalSection(SolutionConfigurationPlatforms) = preSolution
		Debug|Any CPU = Debug|Any CPU
		Release|Any CPU = Release|Any CPU
	EndGlobalSection
	GlobalSection(ProjectConfigurationPlatforms) = postSolution
		{67B7A506-3E2C-4B5E-AF8E-2F365156BF09}.Debug|Any CPU.ActiveCfg = Debug|Any CPU
		{67B7A506-3E2C-4B5E-AF8E-2F365156BF09}.Debug|Any CPU.Build.0 = Debug|Any CPU
		{67B7A506-3E2C-4B5E-AF8E-2F365156BF09}.Release|Any CPU.ActiveCfg = Release|Any CPU
		{67B7A506-3E2C-4B5E-AF8E-2F365156BF09}.Release|Any CPU.Build.0 = Release|Any CPU
		{12EAB940-0E19-4F7F-BE74-BF6B0DB0A597}.Debug|Any CPU.ActiveCfg = Debug|Any CPU
		{12EAB940-0E19-4F7F-BE74-BF6B0DB0A597}.Debug|Any CPU.Build.0 = Debug|Any CPU
		{12EAB940-0E19-4F7F-BE74-BF6B0DB0A597}.Release|Any CPU.ActiveCfg = Release|Any CPU
		{12EAB940-0E19-4F7F-BE74-BF6B0DB0A597}.Release|Any CPU.Build.0 = Release|Any CPU
	EndGlobalSection
	GlobalSection(SolutionProperties) = preSolution
		HideSolutionNode = FALSE
	EndGlobalSection
	GlobalSection(ExtensibilityGlobals) = postSolution
		SolutionGuid = {DD6A4D0B-9CEA-4B0B-995D-86CEEFABE398}
	EndGlobalSection
EndGlobal
