
Microsoft Visual Studio Solution File, Format Version 12.00
# Visual Studio Version 17
VisualStudioVersion = 17.0.31912.275
MinimumVisualStudioVersion = 10.0.40219.1
Project("{9A19103F-16F7-4668-BE54-9A1E7A4F7556}") = "HackerRankAlgo", "HackerRankAlgo\HackerRankAlgo.csproj", "{67B7A506-3E2C-4B5E-AF8E-2F365156BF09}"
EndProject
Project("{9A19103F-16F7-4668-BE54-9A1E7A4F7556}") = "InterviewPreparationKit", "InterviewPreparationKit\InterviewPreparationKit.csproj", "{12EAB940-0E19-4F7F-BE74-BF6B0DB0A597}"
EndProject
Project("{9A19103F-16F7-4668-BE54-9A1E7A4F7556}") = "UsingLinq", "UsingLinq\UsingLinq.csproj", "{9795C8FB-6932-43DC-BE7C-1F51DF12D95B}"
EndProject
Project("{9A19103F-16F7-4668-BE54-9A1E7A4F7556}") = "Miselleneous", "Miselleneous\Miselleneous.csproj", "{2D0163E6-5391-45F0-AF5C-4342168090FE}"
EndProject
Project("{9A19103F-16F7-4668-BE54-9A1E7A4F7556}") = "ProblemSolving", "AlgorithmWarmup\ProblemSolving.csproj", "{ADAFBC1E-925D-4CD6-8A3E-BB4367560356}"
EndProject
Project("{9A19103F-16F7-4668-BE54-9A1E7A4F7556}") = "Qualified", "Qualified\Qualified.csproj", "{A18DA7DB-3698-4D99-A867-B3D5348BCA95}"
EndProject
Project("{9A19103F-16F7-4668-BE54-9A1E7A4F7556}") = "LeetCodeAlgo", "LeetCodeAlgo\LeetCodeAlgo.csproj", "{68A3A4AD-CD2E-4F93-A079-115B5C99EDFF}"
EndProject
Project("{FAE04EC0-301F-11D3-BF4B-00C04F79EFBC}") = "HiredAlgo", "HiredAlgo\HiredAlgo.csproj", "{65820FE5-16D8-4219-8E64-B4312F4CF402}"
EndProject
Global
	GlobalSection(SolutionConfigurationPlatforms) = preSolution
		Debug|Any CPU = Debug|Any CPU
		Release|Any CPU = Release|Any CPU
	EndGlobalSection
	GlobalSection(ProjectConfigurationPlatforms) = postSolution
		{67B7A506-3E2C-4B5E-AF8E-2F365156BF09}.Debug|Any CPU.ActiveCfg = Debug|Any CPU
		{67B7A506-3E2C-4B5E-AF8E-2F365156BF09}.Debug|Any CPU.Build.0 = Debug|Any CPU
		{67B7A506-3E2C-4B5E-AF8E-2F365156BF09}.Release|Any CPU.ActiveCfg = Release|Any CPU
		{67B7A506-3E2C-4B5E-AF8E-2F365156BF09}.Release|Any CPU.Build.0 = Release|Any CPU
		{12EAB940-0E19-4F7F-BE74-BF6B0DB0A597}.Debug|Any CPU.ActiveCfg = Debug|Any CPU
		{12EAB940-0E19-4F7F-BE74-BF6B0DB0A597}.Debug|Any CPU.Build.0 = Debug|Any CPU
		{12EAB940-0E19-4F7F-BE74-BF6B0DB0A597}.Release|Any CPU.ActiveCfg = Release|Any CPU
		{12EAB940-0E19-4F7F-BE74-BF6B0DB0A597}.Release|Any CPU.Build.0 = Release|Any CPU
		{9795C8FB-6932-43DC-BE7C-1F51DF12D95B}.Debug|Any CPU.ActiveCfg = Debug|Any CPU
		{9795C8FB-6932-43DC-BE7C-1F51DF12D95B}.Debug|Any CPU.Build.0 = Debug|Any CPU
		{9795C8FB-6932-43DC-BE7C-1F51DF12D95B}.Release|Any CPU.ActiveCfg = Release|Any CPU
		{9795C8FB-6932-43DC-BE7C-1F51DF12D95B}.Release|Any CPU.Build.0 = Release|Any CPU
		{2D0163E6-5391-45F0-AF5C-4342168090FE}.Debug|Any CPU.ActiveCfg = Debug|Any CPU
		{2D0163E6-5391-45F0-AF5C-4342168090FE}.Debug|Any CPU.Build.0 = Debug|Any CPU
		{2D0163E6-5391-45F0-AF5C-4342168090FE}.Release|Any CPU.ActiveCfg = Release|Any CPU
		{2D0163E6-5391-45F0-AF5C-4342168090FE}.Release|Any CPU.Build.0 = Release|Any CPU
		{ADAFBC1E-925D-4CD6-8A3E-BB4367560356}.Debug|Any CPU.ActiveCfg = Debug|Any CPU
		{ADAFBC1E-925D-4CD6-8A3E-BB4367560356}.Debug|Any CPU.Build.0 = Debug|Any CPU
		{ADAFBC1E-925D-4CD6-8A3E-BB4367560356}.Release|Any CPU.ActiveCfg = Release|Any CPU
		{ADAFBC1E-925D-4CD6-8A3E-BB4367560356}.Release|Any CPU.Build.0 = Release|Any CPU
		{A18DA7DB-3698-4D99-A867-B3D5348BCA95}.Debug|Any CPU.ActiveCfg = Debug|Any CPU
		{A18DA7DB-3698-4D99-A867-B3D5348BCA95}.Debug|Any CPU.Build.0 = Debug|Any CPU
		{A18DA7DB-3698-4D99-A867-B3D5348BCA95}.Release|Any CPU.ActiveCfg = Release|Any CPU
		{A18DA7DB-3698-4D99-A867-B3D5348BCA95}.Release|Any CPU.Build.0 = Release|Any CPU
		{68A3A4AD-CD2E-4F93-A079-115B5C99EDFF}.Debug|Any CPU.ActiveCfg = Debug|Any CPU
		{68A3A4AD-CD2E-4F93-A079-115B5C99EDFF}.Debug|Any CPU.Build.0 = Debug|Any CPU
		{68A3A4AD-CD2E-4F93-A079-115B5C99EDFF}.Release|Any CPU.ActiveCfg = Release|Any CPU
		{68A3A4AD-CD2E-4F93-A079-115B5C99EDFF}.Release|Any CPU.Build.0 = Release|Any CPU
		{65820FE5-16D8-4219-8E64-B4312F4CF402}.Debug|Any CPU.ActiveCfg = Debug|Any CPU
		{65820FE5-16D8-4219-8E64-B4312F4CF402}.Debug|Any CPU.Build.0 = Debug|Any CPU
		{65820FE5-16D8-4219-8E64-B4312F4CF402}.Release|Any CPU.ActiveCfg = Release|Any CPU
		{65820FE5-16D8-4219-8E64-B4312F4CF402}.Release|Any CPU.Build.0 = Release|Any CPU
	EndGlobalSection
	GlobalSection(SolutionProperties) = preSolution
		HideSolutionNode = FALSE
	EndGlobalSection
	GlobalSection(ExtensibilityGlobals) = postSolution
		SolutionGuid = {DD6A4D0B-9CEA-4B0B-995D-86CEEFABE398}
	EndGlobalSection
EndGlobal
